
Microsoft Visual Studio Solution File, Format Version 12.00
# Visual Studio Version 17
VisualStudioVersion = 17.9.34714.143
MinimumVisualStudioVersion = 10.0.40219.1
Project("{FAE04EC0-301F-11D3-BF4B-00C04F79EFBC}") = "Dotnet Practice Project", "Dotnet Practice Project.csproj", "{E567A05A-3982-464F-A10B-F6E707AEC6E6}"
EndProject
Global
	GlobalSection(SolutionConfigurationPlatforms) = preSolution
		Debug|Any CPU = Debug|Any CPU
		Release|Any CPU = Release|Any CPU
	EndGlobalSection
	GlobalSection(ProjectConfigurationPlatforms) = postSolution
		{E567A05A-3982-464F-A10B-F6E707AEC6E6}.Debug|Any CPU.ActiveCfg = Debug|Any CPU
		{E567A05A-3982-464F-A10B-F6E707AEC6E6}.Debug|Any CPU.Build.0 = Debug|Any CPU
		{E567A05A-3982-464F-A10B-F6E707AEC6E6}.Release|Any CPU.ActiveCfg = Release|Any CPU
		{E567A05A-3982-464F-A10B-F6E707AEC6E6}.Release|Any CPU.Build.0 = Release|Any CPU
	EndGlobalSection
	GlobalSection(SolutionProperties) = preSolution
		HideSolutionNode = FALSE
	EndGlobalSection
	GlobalSection(ExtensibilityGlobals) = postSolution
		SolutionGuid = {D399E7C2-A054-46A9-A1B4-610EC886C702}
	EndGlobalSection
EndGlobal
