
Microsoft Visual Studio Solution File, Format Version 12.00
# Visual Studio Version 17
VisualStudioVersion = 17.14.36603.0 d17.14
MinimumVisualStudioVersion = 10.0.40219.1
Project("{FAE04EC0-301F-11D3-BF4B-00C04F79EFBC}") = "ConsoleApp1", "ConsoleApp1.csproj", "{90697C26-2F67-4BC6-96A1-E858476ACA2B}"
EndProject
Global
	GlobalSection(SolutionConfigurationPlatforms) = preSolution
		Debug|Any CPU = Debug|Any CPU
		Release|Any CPU = Release|Any CPU
	EndGlobalSection
	GlobalSection(ProjectConfigurationPlatforms) = postSolution
		{90697C26-2F67-4BC6-96A1-E858476ACA2B}.Debug|Any CPU.ActiveCfg = Debug|Any CPU
		{90697C26-2F67-4BC6-96A1-E858476ACA2B}.Debug|Any CPU.Build.0 = Debug|Any CPU
		{90697C26-2F67-4BC6-96A1-E858476ACA2B}.Release|Any CPU.ActiveCfg = Release|Any CPU
		{90697C26-2F67-4BC6-96A1-E858476ACA2B}.Release|Any CPU.Build.0 = Release|Any CPU
	EndGlobalSection
	GlobalSection(SolutionProperties) = preSolution
		HideSolutionNode = FALSE
	EndGlobalSection
	GlobalSection(ExtensibilityGlobals) = postSolution
		SolutionGuid = {36A3ACFB-C3FF-4850-A8F3-6E2D2ED25A7F}
	EndGlobalSection
EndGlobal
