
Microsoft Visual Studio Solution File, Format Version 12.00
# Visual Studio Version 17
VisualStudioVersion = 17.11.35222.181
MinimumVisualStudioVersion = 10.0.40219.1
Project("{9A19103F-16F7-4668-BE54-9A1E7A4F7556}") = "FirstOrDefault_or_Find", "FirstOrDefault_or_Find.csproj", "{089817D5-1654-4A83-8A10-43DEF124F86F}"
EndProject
Global
	GlobalSection(SolutionConfigurationPlatforms) = preSolution
		Debug|Any CPU = Debug|Any CPU
		Release|Any CPU = Release|Any CPU
	EndGlobalSection
	GlobalSection(ProjectConfigurationPlatforms) = postSolution
		{089817D5-1654-4A83-8A10-43DEF124F86F}.Debug|Any CPU.ActiveCfg = Debug|Any CPU
		{089817D5-1654-4A83-8A10-43DEF124F86F}.Debug|Any CPU.Build.0 = Debug|Any CPU
		{089817D5-1654-4A83-8A10-43DEF124F86F}.Release|Any CPU.ActiveCfg = Debug|Any CPU
		{089817D5-1654-4A83-8A10-43DEF124F86F}.Release|Any CPU.Build.0 = Debug|Any CPU
	EndGlobalSection
	GlobalSection(SolutionProperties) = preSolution
		HideSolutionNode = FALSE
	EndGlobalSection
	GlobalSection(ExtensibilityGlobals) = postSolution
		SolutionGuid = {16578042-0223-411A-B7D5-77F2A6078E49}
	EndGlobalSection
EndGlobal
