
Microsoft Visual Studio Solution File, Format Version 12.00
# Visual Studio Version 17
VisualStudioVersion = 17.9.34616.47
MinimumVisualStudioVersion = 10.0.40219.1
Project("{FAE04EC0-301F-11D3-BF4B-00C04F79EFBC}") = "Solid Principles", "Solid Principles.csproj", "{EB2E2289-0973-4EC7-A707-735A72F38E05}"
EndProject
Global
	GlobalSection(SolutionConfigurationPlatforms) = preSolution
		Debug|Any CPU = Debug|Any CPU
		Release|Any CPU = Release|Any CPU
	EndGlobalSection
	GlobalSection(ProjectConfigurationPlatforms) = postSolution
		{EB2E2289-0973-4EC7-A707-735A72F38E05}.Debug|Any CPU.ActiveCfg = Debug|Any CPU
		{EB2E2289-0973-4EC7-A707-735A72F38E05}.Debug|Any CPU.Build.0 = Debug|Any CPU
		{EB2E2289-0973-4EC7-A707-735A72F38E05}.Release|Any CPU.ActiveCfg = Release|Any CPU
		{EB2E2289-0973-4EC7-A707-735A72F38E05}.Release|Any CPU.Build.0 = Release|Any CPU
	EndGlobalSection
	GlobalSection(SolutionProperties) = preSolution
		HideSolutionNode = FALSE
	EndGlobalSection
	GlobalSection(ExtensibilityGlobals) = postSolution
		SolutionGuid = {BBE4A35A-C51D-465C-950A-D38BDB5425F8}
	EndGlobalSection
EndGlobal
